// !$*UTF8*$!
{
	archiveVersion = 1;
	classes = {
	};
	objectVersion = 46;
	objects = {

/* Begin PBXBuildFile section */
		2CC98C301DD3C7BC008B5FEA /* MobileStudent.m in Sources */ = {isa = PBXBuildFile; fileRef = 2CC98C2F1DD3C7BC008B5FEA /* MobileStudent.m */; };
		2CEA5B661DD3AA96006B89DA /* main.m in Sources */ = {isa = PBXBuildFile; fileRef = 2CEA5B651DD3AA96006B89DA /* main.m */; };
		2CEA5B691DD3AA96006B89DA /* AppDelegate.m in Sources */ = {isa = PBXBuildFile; fileRef = 2CEA5B681DD3AA96006B89DA /* AppDelegate.m */; };
		2CEA5B6F1DD3AA96006B89DA /* Main.storyboard in Resources */ = {isa = PBXBuildFile; fileRef = 2CEA5B6D1DD3AA96006B89DA /* Main.storyboard */; };
		2CEA5B711DD3AA96006B89DA /* Assets.xcassets in Resources */ = {isa = PBXBuildFile; fileRef = 2CEA5B701DD3AA96006B89DA /* Assets.xcassets */; };
		2CEA5B741DD3AA96006B89DA /* LaunchScreen.storyboard in Resources */ = {isa = PBXBuildFile; fileRef = 2CEA5B721DD3AA96006B89DA /* LaunchScreen.storyboard */; };
		2CEA5B7D1DD3AC1C006B89DA /* StudentTableViewController.m in Sources */ = {isa = PBXBuildFile; fileRef = 2CEA5B7C1DD3AC1C006B89DA /* StudentTableViewController.m */; };
/* End PBXBuildFile section */

/* Begin PBXFileReference section */
		2CC98C2E1DD3C7BC008B5FEA /* MobileStudent.h */ = {isa = PBXFileReference; fileEncoding = 4; lastKnownFileType = sourcecode.c.h; path = MobileStudent.h; sourceTree = "<group>"; };
		2CC98C2F1DD3C7BC008B5FEA /* MobileStudent.m */ = {isa = PBXFileReference; fileEncoding = 4; lastKnownFileType = sourcecode.c.objc; path = MobileStudent.m; sourceTree = "<group>"; };
		2CEA5B611DD3AA96006B89DA /* 1.3-StudentRoster.app */ = {isa = PBXFileReference; explicitFileType = wrapper.application; includeInIndex = 0; path = "1.3-StudentRoster.app"; sourceTree = BUILT_PRODUCTS_DIR; };
		2CEA5B651DD3AA96006B89DA /* main.m */ = {isa = PBXFileReference; lastKnownFileType = sourcecode.c.objc; path = main.m; sourceTree = "<group>"; };
		2CEA5B671DD3AA96006B89DA /* AppDelegate.h */ = {isa = PBXFileReference; lastKnownFileType = sourcecode.c.h; path = AppDelegate.h; sourceTree = "<group>"; };
		2CEA5B681DD3AA96006B89DA /* AppDelegate.m */ = {isa = PBXFileReference; lastKnownFileType = sourcecode.c.objc; path = AppDelegate.m; sourceTree = "<group>"; };
		2CEA5B6E1DD3AA96006B89DA /* Base */ = {isa = PBXFileReference; lastKnownFileType = file.storyboard; name = Base; path = Base.lproj/Main.storyboard; sourceTree = "<group>"; };
		2CEA5B701DD3AA96006B89DA /* Assets.xcassets */ = {isa = PBXFileReference; lastKnownFileType = folder.assetcatalog; path = Assets.xcassets; sourceTree = "<group>"; };
		2CEA5B731DD3AA96006B89DA /* Base */ = {isa = PBXFileReference; lastKnownFileType = file.storyboard; name = Base; path = Base.lproj/LaunchScreen.storyboard; sourceTree = "<group>"; };
		2CEA5B751DD3AA96006B89DA /* Info.plist */ = {isa = PBXFileReference; lastKnownFileType = text.plist.xml; path = Info.plist; sourceTree = "<group>"; };
		2CEA5B7B1DD3AC1C006B89DA /* StudentTableViewController.h */ = {isa = PBXFileReference; fileEncoding = 4; lastKnownFileType = sourcecode.c.h; path = StudentTableViewController.h; sourceTree = "<group>"; };
		2CEA5B7C1DD3AC1C006B89DA /* StudentTableViewController.m */ = {isa = PBXFileReference; fileEncoding = 4; lastKnownFileType = sourcecode.c.objc; path = StudentTableViewController.m; sourceTree = "<group>"; };
/* End PBXFileReference section */

/* Begin PBXFrameworksBuildPhase section */
		2CEA5B5E1DD3AA96006B89DA /* Frameworks */ = {
			isa = PBXFrameworksBuildPhase;
			buildActionMask = 2147483647;
			files = (
			);
			runOnlyForDeploymentPostprocessing = 0;
		};
/* End PBXFrameworksBuildPhase section */

/* Begin PBXGroup section */
		2CEA5B581DD3AA96006B89DA = {
			isa = PBXGroup;
			children = (
				2CEA5B7B1DD3AC1C006B89DA /* StudentTableViewController.h */,
				2CEA5B7C1DD3AC1C006B89DA /* StudentTableViewController.m */,
				2CC98C2E1DD3C7BC008B5FEA /* MobileStudent.h */,
				2CC98C2F1DD3C7BC008B5FEA /* MobileStudent.m */,
				2CEA5B631DD3AA96006B89DA /* 1.3-StudentRoster */,
				2CEA5B621DD3AA96006B89DA /* Products */,
			);
			sourceTree = "<group>";
		};
		2CEA5B621DD3AA96006B89DA /* Products */ = {
			isa = PBXGroup;
			children = (
				2CEA5B611DD3AA96006B89DA /* 1.3-StudentRoster.app */,
			);
			name = Products;
			sourceTree = "<group>";
		};
		2CEA5B631DD3AA96006B89DA /* 1.3-StudentRoster */ = {
			isa = PBXGroup;
			children = (
				2CEA5B671DD3AA96006B89DA /* AppDelegate.h */,
				2CEA5B681DD3AA96006B89DA /* AppDelegate.m */,
				2CEA5B6D1DD3AA96006B89DA /* Main.storyboard */,
				2CEA5B701DD3AA96006B89DA /* Assets.xcassets */,
				2CEA5B721DD3AA96006B89DA /* LaunchScreen.storyboard */,
				2CEA5B751DD3AA96006B89DA /* Info.plist */,
				2CEA5B641DD3AA96006B89DA /* Supporting Files */,
			);
			path = "1.3-StudentRoster";
			sourceTree = "<group>";
		};
		2CEA5B641DD3AA96006B89DA /* Supporting Files */ = {
			isa = PBXGroup;
			children = (
				2CEA5B651DD3AA96006B89DA /* main.m */,
			);
			name = "Supporting Files";
			sourceTree = "<group>";
		};
/* End PBXGroup section */

/* Begin PBXNativeTarget section */
		2CEA5B601DD3AA96006B89DA /* 1.3-StudentRoster */ = {
			isa = PBXNativeTarget;
			buildConfigurationList = 2CEA5B781DD3AA96006B89DA /* Build configuration list for PBXNativeTarget "1.3-StudentRoster" */;
			buildPhases = (
				2CEA5B5D1DD3AA96006B89DA /* Sources */,
				2CEA5B5E1DD3AA96006B89DA /* Frameworks */,
				2CEA5B5F1DD3AA96006B89DA /* Resources */,
			);
			buildRules = (
			);
			dependencies = (
			);
			name = "1.3-StudentRoster";
			productName = "1.3-StudentRoster";
			productReference = 2CEA5B611DD3AA96006B89DA /* 1.3-StudentRoster.app */;
			productType = "com.apple.product-type.application";
		};
/* End PBXNativeTarget section */

/* Begin PBXProject section */
		2CEA5B591DD3AA96006B89DA /* Project object */ = {
			isa = PBXProject;
			attributes = {
				LastUpgradeCheck = 0810;
				ORGANIZATIONNAME = "The Iron Yard";
				TargetAttributes = {
					2CEA5B601DD3AA96006B89DA = {
						CreatedOnToolsVersion = 8.1;
						ProvisioningStyle = Automatic;
					};
				};
			};
			buildConfigurationList = 2CEA5B5C1DD3AA96006B89DA /* Build configuration list for PBXProject "1.3-StudentRoster" */;
			compatibilityVersion = "Xcode 3.2";
			developmentRegion = English;
			hasScannedForEncodings = 0;
			knownRegions = (
				en,
				Base,
			);
			mainGroup = 2CEA5B581DD3AA96006B89DA;
			productRefGroup = 2CEA5B621DD3AA96006B89DA /* Products */;
			projectDirPath = "";
			projectRoot = "";
			targets = (
				2CEA5B601DD3AA96006B89DA /* 1.3-StudentRoster */,
			);
		};
/* End PBXProject section */

/* Begin PBXResourcesBuildPhase section */
		2CEA5B5F1DD3AA96006B89DA /* Resources */ = {
			isa = PBXResourcesBuildPhase;
			buildActionMask = 2147483647;
			files = (
				2CEA5B741DD3AA96006B89DA /* LaunchScreen.storyboard in Resources */,
				2CEA5B711DD3AA96006B89DA /* Assets.xcassets in Resources */,
				2CEA5B6F1DD3AA96006B89DA /* Main.storyboard in Resources */,
			);
			runOnlyForDeploymentPostprocessing = 0;
		};
/* End PBXResourcesBuildPhase section */

/* Begin PBXSourcesBuildPhase section */
		2CEA5B5D1DD3AA96006B89DA /* Sources */ = {
			isa = PBXSourcesBuildPhase;
			buildActionMask = 2147483647;
			files = (
				2CEA5B7D1DD3AC1C006B89DA /* StudentTableViewController.m in Sources */,
				2CC98C301DD3C7BC008B5FEA /* MobileStudent.m in Sources */,
				2CEA5B691DD3AA96006B89DA /* AppDelegate.m in Sources */,
				2CEA5B661DD3AA96006B89DA /* main.m in Sources */,
			);
			runOnlyForDeploymentPostprocessing = 0;
		};
/* End PBXSourcesBuildPhase section */

/* Begin PBXVariantGroup section */
		2CEA5B6D1DD3AA96006B89DA /* Main.storyboard */ = {
			isa = PBXVariantGroup;
			children = (
				2CEA5B6E1DD3AA96006B89DA /* Base */,
			);
			name = Main.storyboard;
			sourceTree = "<group>";
		};
		2CEA5B721DD3AA96006B89DA /* LaunchScreen.storyboard */ = {
			isa = PBXVariantGroup;
			children = (
				2CEA5B731DD3AA96006B89DA /* Base */,
			);
			name = LaunchScreen.storyboard;
			sourceTree = "<group>";
		};
/* End PBXVariantGroup section */

/* Begin XCBuildConfiguration section */
		2CEA5B761DD3AA96006B89DA /* Debug */ = {
			isa = XCBuildConfiguration;
			buildSettings = {
				ALWAYS_SEARCH_USER_PATHS = NO;
				CLANG_ANALYZER_NONNULL = YES;
				CLANG_CXX_LANGUAGE_STANDARD = "gnu++0x";
				CLANG_CXX_LIBRARY = "libc++";
				CLANG_ENABLE_MODULES = YES;
				CLANG_ENABLE_OBJC_ARC = YES;
				CLANG_WARN_BOOL_CONVERSION = YES;
				CLANG_WARN_CONSTANT_CONVERSION = YES;
				CLANG_WARN_DIRECT_OBJC_ISA_USAGE = YES_ERROR;
				CLANG_WARN_DOCUMENTATION_COMMENTS = YES;
				CLANG_WARN_EMPTY_BODY = YES;
				CLANG_WARN_ENUM_CONVERSION = YES;
				CLANG_WARN_INFINITE_RECURSION = YES;
				CLANG_WARN_INT_CONVERSION = YES;
				CLANG_WARN_OBJC_ROOT_CLASS = YES_ERROR;
				CLANG_WARN_SUSPICIOUS_MOVES = YES;
				CLANG_WARN_UNREACHABLE_CODE = YES;
				CLANG_WARN__DUPLICATE_METHOD_MATCH = YES;
				"CODE_SIGN_IDENTITY[sdk=iphoneos*]" = "iPhone Developer";
				COPY_PHASE_STRIP = NO;
				DEBUG_INFORMATION_FORMAT = dwarf;
				ENABLE_STRICT_OBJC_MSGSEND = YES;
				ENABLE_TESTABILITY = YES;
				GCC_C_LANGUAGE_STANDARD = gnu99;
				GCC_DYNAMIC_NO_PIC = NO;
				GCC_NO_COMMON_BLOCKS = YES;
				GCC_OPTIMIZATION_LEVEL = 0;
				GCC_PREPROCESSOR_DEFINITIONS = (
					"DEBUG=1",
					"$(inherited)",
				);
				GCC_WARN_64_TO_32_BIT_CONVERSION = YES;
				GCC_WARN_ABOUT_RETURN_TYPE = YES_ERROR;
				GCC_WARN_UNDECLARED_SELECTOR = YES;
				GCC_WARN_UNINITIALIZED_AUTOS = YES_AGGRESSIVE;
				GCC_WARN_UNUSED_FUNCTION = YES;
				GCC_WARN_UNUSED_VARIABLE = YES;
				IPHONEOS_DEPLOYMENT_TARGET = 10.1;
				MTL_ENABLE_DEBUG_INFO = YES;
				ONLY_ACTIVE_ARCH = YES;
				SDKROOT = iphoneos;
			};
			name = Debug;
		};
		2CEA5B771DD3AA96006B89DA /* Release */ = {
			isa = XCBuildConfiguration;
			buildSettings = {
				ALWAYS_SEARCH_USER_PATHS = NO;
				CLANG_ANALYZER_NONNULL = YES;
				CLANG_CXX_LANGUAGE_STANDARD = "gnu++0x";
				CLANG_CXX_LIBRARY = "libc++";
				CLANG_ENABLE_MODULES = YES;
				CLANG_ENABLE_OBJC_ARC = YES;
				CLANG_WARN_BOOL_CONVERSION = YES;
				CLANG_WARN_CONSTANT_CONVERSION = YES;
				CLANG_WARN_DIRECT_OBJC_ISA_USAGE = YES_ERROR;
				CLANG_WARN_DOCUMENTATION_COMMENTS = YES;
				CLANG_WARN_EMPTY_BODY = YES;
				CLANG_WARN_ENUM_CONVERSION = YES;
				CLANG_WARN_INFINITE_RECURSION = YES;
				CLANG_WARN_INT_CONVERSION = YES;
				CLANG_WARN_OBJC_ROOT_CLASS = YES_ERROR;
				CLANG_WARN_SUSPICIOUS_MOVES = YES;
				CLANG_WARN_UNREACHABLE_CODE = YES;
				CLANG_WARN__DUPLICATE_METHOD_MATCH = YES;
				"CODE_SIGN_IDENTITY[sdk=iphoneos*]" = "iPhone Developer";
				COPY_PHASE_STRIP = NO;
				DEBUG_INFORMATION_FORMAT = "dwarf-with-dsym";
				ENABLE_NS_ASSERTIONS = NO;
				ENABLE_STRICT_OBJC_MSGSEND = YES;
				GCC_C_LANGUAGE_STANDARD = gnu99;
				GCC_NO_COMMON_BLOCKS = YES;
				GCC_WARN_64_TO_32_BIT_CONVERSION = YES;
				GCC_WARN_ABOUT_RETURN_TYPE = YES_ERROR;
				GCC_WARN_UNDECLARED_SELECTOR = YES;
				GCC_WARN_UNINITIALIZED_AUTOS = YES_AGGRESSIVE;
				GCC_WARN_UNUSED_FUNCTION = YES;
				GCC_WARN_UNUSED_VARIABLE = YES;
				IPHONEOS_DEPLOYMENT_TARGET = 10.1;
				MTL_ENABLE_DEBUG_INFO = NO;
				SDKROOT = iphoneos;
				VALIDATE_PRODUCT = YES;
			};
			name = Release;
		};
		2CEA5B791DD3AA96006B89DA /* Debug */ = {
			isa = XCBuildConfiguration;
			buildSettings = {
				ASSETCATALOG_COMPILER_APPICON_NAME = AppIcon;
				INFOPLIST_FILE = "1.3-StudentRoster/Info.plist";
				LD_RUNPATH_SEARCH_PATHS = "$(inherited) @executable_path/Frameworks";
				PRODUCT_BUNDLE_IDENTIFIER = "com.tiy.--3-StudentRoster";
				PRODUCT_NAME = "$(TARGET_NAME)";
			};
			name = Debug;
		};
		2CEA5B7A1DD3AA96006B89DA /* Release */ = {
			isa = XCBuildConfiguration;
			buildSettings = {
				ASSETCATALOG_COMPILER_APPICON_NAME = AppIcon;
				INFOPLIST_FILE = "1.3-StudentRoster/Info.plist";
				LD_RUNPATH_SEARCH_PATHS = "$(inherited) @executable_path/Frameworks";
				PRODUCT_BUNDLE_IDENTIFIER = "com.tiy.--3-StudentRoster";
				PRODUCT_NAME = "$(TARGET_NAME)";
			};
			name = Release;
		};
/* End XCBuildConfiguration section */

/* Begin XCConfigurationList section */
		2CEA5B5C1DD3AA96006B89DA /* Build configuration list for PBXProject "1.3-StudentRoster" */ = {
			isa = XCConfigurationList;
			buildConfigurations = (
				2CEA5B761DD3AA96006B89DA /* Debug */,
				2CEA5B771DD3AA96006B89DA /* Release */,
			);
			defaultConfigurationIsVisible = 0;
			defaultConfigurationName = Release;
		};
		2CEA5B781DD3AA96006B89DA /* Build configuration list for PBXNativeTarget "1.3-StudentRoster" */ = {
			isa = XCConfigurationList;
			buildConfigurations = (
				2CEA5B791DD3AA96006B89DA /* Debug */,
				2CEA5B7A1DD3AA96006B89DA /* Release */,
			);
			defaultConfigurationIsVisible = 0;
			defaultConfigurationName = Release;
		};
/* End XCConfigurationList section */
	};
	rootObject = 2CEA5B591DD3AA96006B89DA /* Project object */;
}
